
Microsoft Visual Studio Solution File, Format Version 12.00
# Visual Studio Version 16
VisualStudioVersion = 16.0.30413.136
MinimumVisualStudioVersion = 10.0.40219.1
Project("{FAE04EC0-301F-11D3-BF4B-00C04F79EFBC}") = "Evans.Core", "Evans.Core\Evans.Core.csproj", "{672C02E5-6061-4951-8642-EF9479183E3D}"
EndProject
Project("{FAE04EC0-301F-11D3-BF4B-00C04F79EFBC}") = "Evans.Service", "Evans.Service\Evans.Service.csproj", "{2642CD7E-0D9F-42B5-AA28-8A12E8226860}"
EndProject
Project("{FAE04EC0-301F-11D3-BF4B-00C04F79EFBC}") = "Evans.Models", "Evans.Models\Evans.Models.csproj", "{C03392B4-D5AD-42CD-B6DB-6FAA9A20876E}"
EndProject
Project("{FAE04EC0-301F-11D3-BF4B-00C04F79EFBC}") = "Evans.Repository.Ef", "Evans.Repository.Ef\Evans.Repository.Ef.csproj", "{DB148DFD-7D1C-4725-A1A1-F8B9698EF593}"
EndProject
Project("{FAE04EC0-301F-11D3-BF4B-00C04F79EFBC}") = "Evans.Api", "Evans.Api\Evans.Api.csproj", "{2DD3A7EC-3182-49EC-86C2-98BE4A759B59}"
EndProject
Project("{FAE04EC0-301F-11D3-BF4B-00C04F79EFBC}") = "Evans.Core.Api", "Evans.Core.Api\Evans.Core.Api.csproj", "{5E93079E-7A8E-4AEA-B605-93328188EB2F}"
EndProject
Project("{FAE04EC0-301F-11D3-BF4B-00C04F79EFBC}") = "Evans.Core.Extensions", "Evans.Core.Extensions\Evans.Core.Extensions.csproj", "{91ABB235-ED51-43D3-95A8-9771F6BA8CA5}"
EndProject
Project("{FAE04EC0-301F-11D3-BF4B-00C04F79EFBC}") = "Evans.Repository.Ef.Northwind", "Evans.Repository.Ef.Northwind\Evans.Repository.Ef.Northwind.csproj", "{F6D19951-B6BE-4A70-8CE9-C87637832549}"
EndProject
Project("{FAE04EC0-301F-11D3-BF4B-00C04F79EFBC}") = "Evans.Core.Extensions.Tests", "Evans.Core.Extensions.Tests\Evans.Core.Extensions.Tests.csproj", "{B2BAE38A-05CC-4154-AEA4-D497190505C1}"
EndProject
Global
	GlobalSection(SolutionConfigurationPlatforms) = preSolution
		Debug|Any CPU = Debug|Any CPU
		Release|Any CPU = Release|Any CPU
	EndGlobalSection
	GlobalSection(ProjectConfigurationPlatforms) = postSolution
		{672C02E5-6061-4951-8642-EF9479183E3D}.Debug|Any CPU.ActiveCfg = Debug|Any CPU
		{672C02E5-6061-4951-8642-EF9479183E3D}.Debug|Any CPU.Build.0 = Debug|Any CPU
		{672C02E5-6061-4951-8642-EF9479183E3D}.Release|Any CPU.ActiveCfg = Release|Any CPU
		{672C02E5-6061-4951-8642-EF9479183E3D}.Release|Any CPU.Build.0 = Release|Any CPU
		{2642CD7E-0D9F-42B5-AA28-8A12E8226860}.Debug|Any CPU.ActiveCfg = Debug|Any CPU
		{2642CD7E-0D9F-42B5-AA28-8A12E8226860}.Debug|Any CPU.Build.0 = Debug|Any CPU
		{2642CD7E-0D9F-42B5-AA28-8A12E8226860}.Release|Any CPU.ActiveCfg = Release|Any CPU
		{2642CD7E-0D9F-42B5-AA28-8A12E8226860}.Release|Any CPU.Build.0 = Release|Any CPU
		{C03392B4-D5AD-42CD-B6DB-6FAA9A20876E}.Debug|Any CPU.ActiveCfg = Debug|Any CPU
		{C03392B4-D5AD-42CD-B6DB-6FAA9A20876E}.Debug|Any CPU.Build.0 = Debug|Any CPU
		{C03392B4-D5AD-42CD-B6DB-6FAA9A20876E}.Release|Any CPU.ActiveCfg = Release|Any CPU
		{C03392B4-D5AD-42CD-B6DB-6FAA9A20876E}.Release|Any CPU.Build.0 = Release|Any CPU
		{DB148DFD-7D1C-4725-A1A1-F8B9698EF593}.Debug|Any CPU.ActiveCfg = Debug|Any CPU
		{DB148DFD-7D1C-4725-A1A1-F8B9698EF593}.Debug|Any CPU.Build.0 = Debug|Any CPU
		{DB148DFD-7D1C-4725-A1A1-F8B9698EF593}.Release|Any CPU.ActiveCfg = Release|Any CPU
		{DB148DFD-7D1C-4725-A1A1-F8B9698EF593}.Release|Any CPU.Build.0 = Release|Any CPU
		{2DD3A7EC-3182-49EC-86C2-98BE4A759B59}.Debug|Any CPU.ActiveCfg = Debug|Any CPU
		{2DD3A7EC-3182-49EC-86C2-98BE4A759B59}.Debug|Any CPU.Build.0 = Debug|Any CPU
		{2DD3A7EC-3182-49EC-86C2-98BE4A759B59}.Release|Any CPU.ActiveCfg = Release|Any CPU
		{2DD3A7EC-3182-49EC-86C2-98BE4A759B59}.Release|Any CPU.Build.0 = Release|Any CPU
		{5E93079E-7A8E-4AEA-B605-93328188EB2F}.Debug|Any CPU.ActiveCfg = Debug|Any CPU
		{5E93079E-7A8E-4AEA-B605-93328188EB2F}.Debug|Any CPU.Build.0 = Debug|Any CPU
		{5E93079E-7A8E-4AEA-B605-93328188EB2F}.Release|Any CPU.ActiveCfg = Release|Any CPU
		{5E93079E-7A8E-4AEA-B605-93328188EB2F}.Release|Any CPU.Build.0 = Release|Any CPU
		{91ABB235-ED51-43D3-95A8-9771F6BA8CA5}.Debug|Any CPU.ActiveCfg = Debug|Any CPU
		{91ABB235-ED51-43D3-95A8-9771F6BA8CA5}.Debug|Any CPU.Build.0 = Debug|Any CPU
		{91ABB235-ED51-43D3-95A8-9771F6BA8CA5}.Release|Any CPU.ActiveCfg = Release|Any CPU
		{91ABB235-ED51-43D3-95A8-9771F6BA8CA5}.Release|Any CPU.Build.0 = Release|Any CPU
		{F6D19951-B6BE-4A70-8CE9-C87637832549}.Debug|Any CPU.ActiveCfg = Debug|Any CPU
		{F6D19951-B6BE-4A70-8CE9-C87637832549}.Debug|Any CPU.Build.0 = Debug|Any CPU
		{F6D19951-B6BE-4A70-8CE9-C87637832549}.Release|Any CPU.ActiveCfg = Release|Any CPU
		{F6D19951-B6BE-4A70-8CE9-C87637832549}.Release|Any CPU.Build.0 = Release|Any CPU
		{B2BAE38A-05CC-4154-AEA4-D497190505C1}.Debug|Any CPU.ActiveCfg = Debug|Any CPU
		{B2BAE38A-05CC-4154-AEA4-D497190505C1}.Debug|Any CPU.Build.0 = Debug|Any CPU
		{B2BAE38A-05CC-4154-AEA4-D497190505C1}.Release|Any CPU.ActiveCfg = Release|Any CPU
		{B2BAE38A-05CC-4154-AEA4-D497190505C1}.Release|Any CPU.Build.0 = Release|Any CPU
	EndGlobalSection
	GlobalSection(SolutionProperties) = preSolution
		HideSolutionNode = FALSE
	EndGlobalSection
	GlobalSection(ExtensibilityGlobals) = postSolution
		SolutionGuid = {AACEC0A6-8AA9-4A03-9FBC-C6707863E0AE}
	EndGlobalSection
EndGlobal
