
Microsoft Visual Studio Solution File, Format Version 12.00
# Visual Studio 15
VisualStudioVersion = 15.0.28010.2003
MinimumVisualStudioVersion = 10.0.40219.1
Project("{FAE04EC0-301F-11D3-BF4B-00C04F79EFBC}") = "Evans.Core", "Evans.Core\Evans.Core.csproj", "{672C02E5-6061-4951-8642-EF9479183E3D}"
EndProject
Project("{FAE04EC0-301F-11D3-BF4B-00C04F79EFBC}") = "Evans.Service", "Evans.Service\Evans.Service.csproj", "{2642CD7E-0D9F-42B5-AA28-8A12E8226860}"
EndProject
Project("{FAE04EC0-301F-11D3-BF4B-00C04F79EFBC}") = "Evans.Models", "Evans.Models\Evans.Models.csproj", "{C03392B4-D5AD-42CD-B6DB-6FAA9A20876E}"
EndProject
Project("{9A19103F-16F7-4668-BE54-9A1E7A4F7556}") = "Evans.Api", "Evans.Api\Evans.Api.csproj", "{74A9E4A7-89D3-4F1F-B0C8-86FB05565E60}"
EndProject
Project("{9A19103F-16F7-4668-BE54-9A1E7A4F7556}") = "Evans.Core.Api", "Evans.Core.Api\Evans.Core.Api.csproj", "{8464FA7E-B9B6-4F52-8A71-27E1AB0AFC4B}"
EndProject
Global
	GlobalSection(SolutionConfigurationPlatforms) = preSolution
		Debug|Any CPU = Debug|Any CPU
		Release|Any CPU = Release|Any CPU
	EndGlobalSection
	GlobalSection(ProjectConfigurationPlatforms) = postSolution
		{672C02E5-6061-4951-8642-EF9479183E3D}.Debug|Any CPU.ActiveCfg = Debug|Any CPU
		{672C02E5-6061-4951-8642-EF9479183E3D}.Debug|Any CPU.Build.0 = Debug|Any CPU
		{672C02E5-6061-4951-8642-EF9479183E3D}.Release|Any CPU.ActiveCfg = Release|Any CPU
		{672C02E5-6061-4951-8642-EF9479183E3D}.Release|Any CPU.Build.0 = Release|Any CPU
		{2642CD7E-0D9F-42B5-AA28-8A12E8226860}.Debug|Any CPU.ActiveCfg = Debug|Any CPU
		{2642CD7E-0D9F-42B5-AA28-8A12E8226860}.Debug|Any CPU.Build.0 = Debug|Any CPU
		{2642CD7E-0D9F-42B5-AA28-8A12E8226860}.Release|Any CPU.ActiveCfg = Release|Any CPU
		{2642CD7E-0D9F-42B5-AA28-8A12E8226860}.Release|Any CPU.Build.0 = Release|Any CPU
		{C03392B4-D5AD-42CD-B6DB-6FAA9A20876E}.Debug|Any CPU.ActiveCfg = Debug|Any CPU
		{C03392B4-D5AD-42CD-B6DB-6FAA9A20876E}.Debug|Any CPU.Build.0 = Debug|Any CPU
		{C03392B4-D5AD-42CD-B6DB-6FAA9A20876E}.Release|Any CPU.ActiveCfg = Release|Any CPU
		{C03392B4-D5AD-42CD-B6DB-6FAA9A20876E}.Release|Any CPU.Build.0 = Release|Any CPU
		{74A9E4A7-89D3-4F1F-B0C8-86FB05565E60}.Debug|Any CPU.ActiveCfg = Debug|Any CPU
		{74A9E4A7-89D3-4F1F-B0C8-86FB05565E60}.Debug|Any CPU.Build.0 = Debug|Any CPU
		{74A9E4A7-89D3-4F1F-B0C8-86FB05565E60}.Release|Any CPU.ActiveCfg = Release|Any CPU
		{74A9E4A7-89D3-4F1F-B0C8-86FB05565E60}.Release|Any CPU.Build.0 = Release|Any CPU
		{8464FA7E-B9B6-4F52-8A71-27E1AB0AFC4B}.Debug|Any CPU.ActiveCfg = Debug|Any CPU
		{8464FA7E-B9B6-4F52-8A71-27E1AB0AFC4B}.Debug|Any CPU.Build.0 = Debug|Any CPU
		{8464FA7E-B9B6-4F52-8A71-27E1AB0AFC4B}.Release|Any CPU.ActiveCfg = Release|Any CPU
		{8464FA7E-B9B6-4F52-8A71-27E1AB0AFC4B}.Release|Any CPU.Build.0 = Release|Any CPU
	EndGlobalSection
	GlobalSection(SolutionProperties) = preSolution
		HideSolutionNode = FALSE
	EndGlobalSection
	GlobalSection(ExtensibilityGlobals) = postSolution
		SolutionGuid = {AACEC0A6-8AA9-4A03-9FBC-C6707863E0AE}
	EndGlobalSection
EndGlobal
